
Microsoft Visual Studio Solution File, Format Version 11.00
# Visual Studio 2010
Project("{FAE04EC0-301F-11D3-BF4B-00C04F79EFBC}") = "MvcApplication1", "MvcApplication1\MvcApplication1.csproj", "{E5EA7F1A-E831-4433-A7E6-0DC60391D58F}"
EndProject
Project("{FAE04EC0-301F-11D3-BF4B-00C04F79EFBC}") = "MvcApplication1_Tests", "MvcApplication1_Tests\MvcApplication1_Tests.csproj", "{486BF84B-A0A4-41BA-A6C6-6647811EF094}"
EndProject
Project("{2150E333-8FDC-42A3-9474-1A3956D46DE8}") = "Solution Items", "Solution Items", "{8597AC6C-77CD-497A-9479-BCB54290BA9B}"
	ProjectSection(SolutionItems) = preProject
		Local.testsettings = Local.testsettings
		TraceAndTestImpact.testsettings = TraceAndTestImpact.testsettings
		WebSite6 (2).vsmdi = WebSite6 (2).vsmdi
	EndProjectSection
EndProject
Global
	GlobalSection(TestCaseManagementSettings) = postSolution
		CategoryFile = WebSite6 (2).vsmdi
	EndGlobalSection
	GlobalSection(SolutionConfigurationPlatforms) = preSolution
		Debug|Any CPU = Debug|Any CPU
		Release|Any CPU = Release|Any CPU
	EndGlobalSection
	GlobalSection(ProjectConfigurationPlatforms) = postSolution
		{E5EA7F1A-E831-4433-A7E6-0DC60391D58F}.Debug|Any CPU.ActiveCfg = Debug|Any CPU
		{E5EA7F1A-E831-4433-A7E6-0DC60391D58F}.Debug|Any CPU.Build.0 = Debug|Any CPU
		{E5EA7F1A-E831-4433-A7E6-0DC60391D58F}.Release|Any CPU.ActiveCfg = Release|Any CPU
		{E5EA7F1A-E831-4433-A7E6-0DC60391D58F}.Release|Any CPU.Build.0 = Release|Any CPU
		{486BF84B-A0A4-41BA-A6C6-6647811EF094}.Debug|Any CPU.ActiveCfg = Debug|Any CPU
		{486BF84B-A0A4-41BA-A6C6-6647811EF094}.Debug|Any CPU.Build.0 = Debug|Any CPU
		{486BF84B-A0A4-41BA-A6C6-6647811EF094}.Release|Any CPU.ActiveCfg = Release|Any CPU
		{486BF84B-A0A4-41BA-A6C6-6647811EF094}.Release|Any CPU.Build.0 = Release|Any CPU
	EndGlobalSection
	GlobalSection(SolutionProperties) = preSolution
		HideSolutionNode = FALSE
	EndGlobalSection
EndGlobal
